<?xml version="1.0" encoding="utf-8"?>
<Project ToolsVersion="16.0" xmlns="http://schemas.microsoft.com/developer/msbuild/2003">
  <ItemGroup>
    <ClCompile Include="D:\work\program\dynamorio-cronbuild-9.0.19117\clients\drcachesim\tracer\tracer.cpp">
      <Filter>Source Files</Filter>
    </ClCompile>
    <ClCompile Include="D:\work\program\dynamorio-cronbuild-9.0.19117\clients\drcachesim\tracer\instru.cpp">
      <Filter>Source Files</Filter>
    </ClCompile>
    <ClCompile Include="D:\work\program\dynamorio-cronbuild-9.0.19117\clients\drcachesim\tracer\instru_offline.cpp">
      <Filter>Source Files</Filter>
    </ClCompile>
    <ClCompile Include="D:\work\program\dynamorio-cronbuild-9.0.19117\clients\drcachesim\tracer\instru_online.cpp">
      <Filter>Source Files</Filter>
    </ClCompile>
    <ClCompile Include="D:\work\program\dynamorio-cronbuild-9.0.19117\clients\drcachesim\tracer\physaddr.cpp">
      <Filter>Source Files</Filter>
    </ClCompile>
    <ClCompile Include="D:\work\program\dynamorio-cronbuild-9.0.19117\clients\drcachesim\tracer\func_trace.cpp">
      <Filter>Source Files</Filter>
    </ClCompile>
    <ClCompile Include="D:\work\program\dynamorio-cronbuild-9.0.19117\clients\drcachesim\common\named_pipe_win.cpp">
      <Filter>Source Files</Filter>
    </ClCompile>
    <ClCompile Include="D:\work\program\dynamorio-cronbuild-9.0.19117\clients\drcachesim\common\options.cpp">
      <Filter>Source Files</Filter>
    </ClCompile>
    <ClCompile Include="D:\work\program\dynamorio-cronbuild-9.0.19117\clients\drcachesim\common\trace_entry.cpp">
      <Filter>Source Files</Filter>
    </ClCompile>
  </ItemGroup>
  <ItemGroup>
    <CustomBuild Include="D:\work\program\dynamorio-cronbuild-9.0.19117\clients\drcachesim\CMakeLists.txt" />
  </ItemGroup>
  <ItemGroup>
    <Filter Include="Source Files">
      <UniqueIdentifier>{DD9509D3-ED1E-3626-8DFB-87A3A09EE15D}</UniqueIdentifier>
    </Filter>
  </ItemGroup>
</Project>
