<?xml version="1.0" encoding="utf-8"?>
<Project ToolsVersion="16.0" xmlns="http://schemas.microsoft.com/developer/msbuild/2003">
  <ItemGroup>
    <CustomBuild Include="D:\work\program\dynamorio-cronbuild-9.0.19117\build32\CMakeFiles\765bb1a719bf74c204bdf47e5e23de82\dynamorio.dll.rule">
      <Filter>CMake Rules</Filter>
    </CustomBuild>
    <CustomBuild Include="D:\work\program\dynamorio-cronbuild-9.0.19117\build32\CMakeFiles\5fef322fd5c5a507499c10ca1b1778e9\client_dr_copy.rule">
      <Filter>CMake Rules</Filter>
    </CustomBuild>
    <CustomBuild Include="D:\work\program\dynamorio-cronbuild-9.0.19117\clients\CMakeLists.txt" />
  </ItemGroup>
  <ItemGroup>
    <None Include="D:\work\program\dynamorio-cronbuild-9.0.19117\build32\clients\CMakeFiles\client_dr_copy" />
  </ItemGroup>
  <ItemGroup>
    <Filter Include="CMake Rules">
      <UniqueIdentifier>{87A44096-60E3-381D-BB01-E2E7BD5EC42F}</UniqueIdentifier>
    </Filter>
  </ItemGroup>
</Project>
