<?xml version="1.0" encoding="utf-8"?>
<Project ToolsVersion="16.0" xmlns="http://schemas.microsoft.com/developer/msbuild/2003">
  <ItemGroup>
    <ClCompile Include="D:\work\program\dynamorio-cronbuild-9.0.19117\libutil\dr_config.c">
      <Filter>Source Files</Filter>
    </ClCompile>
    <ClCompile Include="D:\work\program\dynamorio-cronbuild-9.0.19117\libutil\services.c">
      <Filter>Source Files</Filter>
    </ClCompile>
    <ClCompile Include="D:\work\program\dynamorio-cronbuild-9.0.19117\libutil\config.c">
      <Filter>Source Files</Filter>
    </ClCompile>
    <ClCompile Include="D:\work\program\dynamorio-cronbuild-9.0.19117\libutil\elm.c">
      <Filter>Source Files</Filter>
    </ClCompile>
    <ClCompile Include="D:\work\program\dynamorio-cronbuild-9.0.19117\libutil\processes.c">
      <Filter>Source Files</Filter>
    </ClCompile>
    <ClCompile Include="D:\work\program\dynamorio-cronbuild-9.0.19117\libutil\utils.c">
      <Filter>Source Files</Filter>
    </ClCompile>
    <ClCompile Include="D:\work\program\dynamorio-cronbuild-9.0.19117\libutil\policy.c">
      <Filter>Source Files</Filter>
    </ClCompile>
    <ClCompile Include="D:\work\program\dynamorio-cronbuild-9.0.19117\libutil\parser.c">
      <Filter>Source Files</Filter>
    </ClCompile>
    <ClCompile Include="D:\work\program\dynamorio-cronbuild-9.0.19117\libutil\detach.c">
      <Filter>Source Files</Filter>
    </ClCompile>
    <ClCompile Include="D:\work\program\dynamorio-cronbuild-9.0.19117\libutil\mfapi.c">
      <Filter>Source Files</Filter>
    </ClCompile>
    <ClCompile Include="D:\work\program\dynamorio-cronbuild-9.0.19117\core\options.c">
      <Filter>Source Files</Filter>
    </ClCompile>
    <ClCompile Include="D:\work\program\dynamorio-cronbuild-9.0.19117\core\win32\inject_shared.c">
      <Filter>Source Files</Filter>
    </ClCompile>
    <ClCompile Include="D:\work\program\dynamorio-cronbuild-9.0.19117\core\win32\module_shared.c">
      <Filter>Source Files</Filter>
    </ClCompile>
    <ClCompile Include="D:\work\program\dynamorio-cronbuild-9.0.19117\core\win32\ntdll_shared.c">
      <Filter>Source Files</Filter>
    </ClCompile>
    <ClCompile Include="D:\work\program\dynamorio-cronbuild-9.0.19117\core\win32\drmarker.c">
      <Filter>Source Files</Filter>
    </ClCompile>
    <ClCompile Include="D:\work\program\dynamorio-cronbuild-9.0.19117\core\io.c">
      <Filter>Source Files</Filter>
    </ClCompile>
  </ItemGroup>
  <ItemGroup>
    <CustomBuild Include="D:\work\program\dynamorio-cronbuild-9.0.19117\libutil\CMakeLists.txt" />
  </ItemGroup>
  <ItemGroup>
    <ResourceCompile Include="D:\work\program\dynamorio-cronbuild-9.0.19117\core\win32\resources.rc">
      <Filter>Source Files</Filter>
    </ResourceCompile>
  </ItemGroup>
  <ItemGroup>
    <Filter Include="Source Files">
      <UniqueIdentifier>{DD9509D3-ED1E-3626-8DFB-87A3A09EE15D}</UniqueIdentifier>
    </Filter>
  </ItemGroup>
</Project>
