<?xml version="1.0" encoding="utf-8"?>
<Project ToolsVersion="16.0" xmlns="http://schemas.microsoft.com/developer/msbuild/2003">
  <ItemGroup>
    <ClCompile Include="D:\work\program\dynamorio-cronbuild-9.0.19117\ext\drwrap\drwrap.c">
      <Filter>Source Files</Filter>
    </ClCompile>
  </ItemGroup>
  <ItemGroup>
    <CustomBuild Include="D:\work\program\dynamorio-cronbuild-9.0.19117\ext\drwrap\CMakeLists.txt" />
  </ItemGroup>
  <ItemGroup>
    <Object Include="D:\work\program\dynamorio-cronbuild-9.0.19117\build32\ext\drwrap\drwrap_asm_x86.asm.obj">
      <Filter>Object Files</Filter>
    </Object>
  </ItemGroup>
  <ItemGroup>
    <Filter Include="Object Files">
      <UniqueIdentifier>{21D79301-274D-33CC-B455-CA96A7F9F30A}</UniqueIdentifier>
    </Filter>
    <Filter Include="Source Files">
      <UniqueIdentifier>{DD9509D3-ED1E-3626-8DFB-87A3A09EE15D}</UniqueIdentifier>
    </Filter>
  </ItemGroup>
</Project>
