
Microsoft Visual Studio Solution File, Format Version 12.00
# Visual Studio Version 16
Project("{8BC9CEB8-8B4A-11D0-8D11-00A0C91BC942}") = "ALL_BUILD", "ALL_BUILD.vcxproj", "{8C03116F-75C5-3E85-A04D-D93FEEF7B192}"
	ProjectSection(ProjectDependencies) = postProject
		{1699B210-BD8A-3D96-9963-CD0EC0DBD8E2} = {1699B210-BD8A-3D96-9963-CD0EC0DBD8E2}
		{0F4AAD2B-3661-3B03-A52E-3E8061BAB96B} = {0F4AAD2B-3661-3B03-A52E-3E8061BAB96B}
	EndProjectSection
EndProject
Project("{8BC9CEB8-8B4A-11D0-8D11-00A0C91BC942}") = "INSTALL", "INSTALL.vcxproj", "{ED828485-1AE1-3289-BF88-E13D279AF6CF}"
	ProjectSection(ProjectDependencies) = postProject
		{8C03116F-75C5-3E85-A04D-D93FEEF7B192} = {8C03116F-75C5-3E85-A04D-D93FEEF7B192}
		{1699B210-BD8A-3D96-9963-CD0EC0DBD8E2} = {1699B210-BD8A-3D96-9963-CD0EC0DBD8E2}
	EndProjectSection
EndProject
Project("{8BC9CEB8-8B4A-11D0-8D11-00A0C91BC942}") = "PACKAGE", "PACKAGE.vcxproj", "{1ACB4FFF-3288-335E-BFBA-FD81390894B3}"
	ProjectSection(ProjectDependencies) = postProject
		{8C03116F-75C5-3E85-A04D-D93FEEF7B192} = {8C03116F-75C5-3E85-A04D-D93FEEF7B192}
		{1699B210-BD8A-3D96-9963-CD0EC0DBD8E2} = {1699B210-BD8A-3D96-9963-CD0EC0DBD8E2}
	EndProjectSection
EndProject
Project("{8BC9CEB8-8B4A-11D0-8D11-00A0C91BC942}") = "ZERO_CHECK", "..\..\\ZERO_CHECK.vcxproj", "{1699B210-BD8A-3D96-9963-CD0EC0DBD8E2}"
	ProjectSection(ProjectDependencies) = postProject
	EndProjectSection
EndProject
Project("{8BC9CEB8-8B4A-11D0-8D11-00A0C91BC942}") = "api_headers", "..\..\\api_headers.vcxproj", "{97B1F70A-2B76-3192-A13D-E6F2A62F473D}"
	ProjectSection(ProjectDependencies) = postProject
		{1699B210-BD8A-3D96-9963-CD0EC0DBD8E2} = {1699B210-BD8A-3D96-9963-CD0EC0DBD8E2}
	EndProjectSection
EndProject
Project("{8BC9CEB8-8B4A-11D0-8D11-00A0C91BC942}") = "dbghelp_tgt", "..\..\ext\drsyms\dbghelp_tgt.vcxproj", "{C7BA50AA-3502-3611-9BE8-84DB55BE1AA6}"
	ProjectSection(ProjectDependencies) = postProject
		{1699B210-BD8A-3D96-9963-CD0EC0DBD8E2} = {1699B210-BD8A-3D96-9963-CD0EC0DBD8E2}
	EndProjectSection
EndProject
Project("{8BC9CEB8-8B4A-11D0-8D11-00A0C91BC942}") = "drcontainers", "..\..\ext\drcontainers\drcontainers.vcxproj", "{3E52B743-2633-336C-A503-BF3DB039DE95}"
	ProjectSection(ProjectDependencies) = postProject
		{1699B210-BD8A-3D96-9963-CD0EC0DBD8E2} = {1699B210-BD8A-3D96-9963-CD0EC0DBD8E2}
		{97B1F70A-2B76-3192-A13D-E6F2A62F473D} = {97B1F70A-2B76-3192-A13D-E6F2A62F473D}
		{7AD17436-EB4C-32DB-A2AA-7D69BD8A31AB} = {7AD17436-EB4C-32DB-A2AA-7D69BD8A31AB}
	EndProjectSection
EndProject
Project("{8BC9CEB8-8B4A-11D0-8D11-00A0C91BC942}") = "drlibc", "..\..\core\drlibc.vcxproj", "{935399E9-8E96-35FE-8DC6-0C25C71BF5BF}"
	ProjectSection(ProjectDependencies) = postProject
		{1699B210-BD8A-3D96-9963-CD0EC0DBD8E2} = {1699B210-BD8A-3D96-9963-CD0EC0DBD8E2}
		{1E2463CD-4828-3999-BB5D-A57A6A879CAD} = {1E2463CD-4828-3999-BB5D-A57A6A879CAD}
		{4C5A6C66-C968-3FF8-9F75-5B99EA5143DD} = {4C5A6C66-C968-3FF8-9F75-5B99EA5143DD}
		{686A8BF1-468D-3403-8F7F-E3A6FB5CB3AF} = {686A8BF1-468D-3403-8F7F-E3A6FB5CB3AF}
		{1EC5C317-4866-3C73-8803-F53D9E7A0218} = {1EC5C317-4866-3C73-8803-F53D9E7A0218}
	EndProjectSection
EndProject
Project("{8BC9CEB8-8B4A-11D0-8D11-00A0C91BC942}") = "drsyms", "..\..\ext\drsyms\drsyms.vcxproj", "{1F6B5C02-87C2-3A55-A303-287B2F944F71}"
	ProjectSection(ProjectDependencies) = postProject
		{1699B210-BD8A-3D96-9963-CD0EC0DBD8E2} = {1699B210-BD8A-3D96-9963-CD0EC0DBD8E2}
		{97B1F70A-2B76-3192-A13D-E6F2A62F473D} = {97B1F70A-2B76-3192-A13D-E6F2A62F473D}
		{C7BA50AA-3502-3611-9BE8-84DB55BE1AA6} = {C7BA50AA-3502-3611-9BE8-84DB55BE1AA6}
		{3E52B743-2633-336C-A503-BF3DB039DE95} = {3E52B743-2633-336C-A503-BF3DB039DE95}
		{7AD17436-EB4C-32DB-A2AA-7D69BD8A31AB} = {7AD17436-EB4C-32DB-A2AA-7D69BD8A31AB}
	EndProjectSection
EndProject
Project("{8BC9CEB8-8B4A-11D0-8D11-00A0C91BC942}") = "dynamorio", "..\..\core\dynamorio.vcxproj", "{7AD17436-EB4C-32DB-A2AA-7D69BD8A31AB}"
	ProjectSection(ProjectDependencies) = postProject
		{1699B210-BD8A-3D96-9963-CD0EC0DBD8E2} = {1699B210-BD8A-3D96-9963-CD0EC0DBD8E2}
		{97B1F70A-2B76-3192-A13D-E6F2A62F473D} = {97B1F70A-2B76-3192-A13D-E6F2A62F473D}
		{935399E9-8E96-35FE-8DC6-0C25C71BF5BF} = {935399E9-8E96-35FE-8DC6-0C25C71BF5BF}
		{686A8BF1-468D-3403-8F7F-E3A6FB5CB3AF} = {686A8BF1-468D-3403-8F7F-E3A6FB5CB3AF}
		{1EC5C317-4866-3C73-8803-F53D9E7A0218} = {1EC5C317-4866-3C73-8803-F53D9E7A0218}
		{2F70FDE8-83CB-3D6E-9493-9D70A91A834B} = {2F70FDE8-83CB-3D6E-9493-9D70A91A834B}
		{76708C67-6E50-3852-807B-569D6A575AA1} = {76708C67-6E50-3852-807B-569D6A575AA1}
	EndProjectSection
EndProject
Project("{8BC9CEB8-8B4A-11D0-8D11-00A0C91BC942}") = "generate_drlibc_x86.asm", "..\..\core\generate_drlibc_x86.asm.vcxproj", "{1E2463CD-4828-3999-BB5D-A57A6A879CAD}"
	ProjectSection(ProjectDependencies) = postProject
		{1699B210-BD8A-3D96-9963-CD0EC0DBD8E2} = {1699B210-BD8A-3D96-9963-CD0EC0DBD8E2}
	EndProjectSection
EndProject
Project("{8BC9CEB8-8B4A-11D0-8D11-00A0C91BC942}") = "generate_drlibc_xarch.asm_core", "..\..\core\generate_drlibc_xarch.asm_core.vcxproj", "{4C5A6C66-C968-3FF8-9F75-5B99EA5143DD}"
	ProjectSection(ProjectDependencies) = postProject
		{1699B210-BD8A-3D96-9963-CD0EC0DBD8E2} = {1699B210-BD8A-3D96-9963-CD0EC0DBD8E2}
	EndProjectSection
EndProject
Project("{8BC9CEB8-8B4A-11D0-8D11-00A0C91BC942}") = "generate_events", "..\..\core\generate_events.vcxproj", "{686A8BF1-468D-3403-8F7F-E3A6FB5CB3AF}"
	ProjectSection(ProjectDependencies) = postProject
		{1699B210-BD8A-3D96-9963-CD0EC0DBD8E2} = {1699B210-BD8A-3D96-9963-CD0EC0DBD8E2}
	EndProjectSection
EndProject
Project("{8BC9CEB8-8B4A-11D0-8D11-00A0C91BC942}") = "generate_syslog", "..\..\core\generate_syslog.vcxproj", "{1EC5C317-4866-3C73-8803-F53D9E7A0218}"
	ProjectSection(ProjectDependencies) = postProject
		{1699B210-BD8A-3D96-9963-CD0EC0DBD8E2} = {1699B210-BD8A-3D96-9963-CD0EC0DBD8E2}
	EndProjectSection
EndProject
Project("{8BC9CEB8-8B4A-11D0-8D11-00A0C91BC942}") = "generate_x86.asm_core", "..\..\core\generate_x86.asm_core.vcxproj", "{2F70FDE8-83CB-3D6E-9493-9D70A91A834B}"
	ProjectSection(ProjectDependencies) = postProject
		{1699B210-BD8A-3D96-9963-CD0EC0DBD8E2} = {1699B210-BD8A-3D96-9963-CD0EC0DBD8E2}
	EndProjectSection
EndProject
Project("{8BC9CEB8-8B4A-11D0-8D11-00A0C91BC942}") = "ntdll_imports", "..\..\core\ntdll_imports.vcxproj", "{76708C67-6E50-3852-807B-569D6A575AA1}"
	ProjectSection(ProjectDependencies) = postProject
		{1699B210-BD8A-3D96-9963-CD0EC0DBD8E2} = {1699B210-BD8A-3D96-9963-CD0EC0DBD8E2}
	EndProjectSection
EndProject
Project("{8BC9CEB8-8B4A-11D0-8D11-00A0C91BC942}") = "winsysnums", "winsysnums.vcxproj", "{0F4AAD2B-3661-3B03-A52E-3E8061BAB96B}"
	ProjectSection(ProjectDependencies) = postProject
		{1699B210-BD8A-3D96-9963-CD0EC0DBD8E2} = {1699B210-BD8A-3D96-9963-CD0EC0DBD8E2}
		{1F6B5C02-87C2-3A55-A303-287B2F944F71} = {1F6B5C02-87C2-3A55-A303-287B2F944F71}
		{7AD17436-EB4C-32DB-A2AA-7D69BD8A31AB} = {7AD17436-EB4C-32DB-A2AA-7D69BD8A31AB}
	EndProjectSection
EndProject
Global
	GlobalSection(SolutionConfigurationPlatforms) = preSolution
		RelWithDebInfo|Win32 = RelWithDebInfo|Win32
	EndGlobalSection
	GlobalSection(ProjectConfigurationPlatforms) = postSolution
		{8C03116F-75C5-3E85-A04D-D93FEEF7B192}.RelWithDebInfo|Win32.ActiveCfg = RelWithDebInfo|Win32
		{8C03116F-75C5-3E85-A04D-D93FEEF7B192}.RelWithDebInfo|Win32.Build.0 = RelWithDebInfo|Win32
		{ED828485-1AE1-3289-BF88-E13D279AF6CF}.RelWithDebInfo|Win32.ActiveCfg = RelWithDebInfo|Win32
		{1ACB4FFF-3288-335E-BFBA-FD81390894B3}.RelWithDebInfo|Win32.ActiveCfg = RelWithDebInfo|Win32
		{1699B210-BD8A-3D96-9963-CD0EC0DBD8E2}.RelWithDebInfo|Win32.ActiveCfg = RelWithDebInfo|Win32
		{1699B210-BD8A-3D96-9963-CD0EC0DBD8E2}.RelWithDebInfo|Win32.Build.0 = RelWithDebInfo|Win32
		{97B1F70A-2B76-3192-A13D-E6F2A62F473D}.RelWithDebInfo|Win32.ActiveCfg = RelWithDebInfo|Win32
		{97B1F70A-2B76-3192-A13D-E6F2A62F473D}.RelWithDebInfo|Win32.Build.0 = RelWithDebInfo|Win32
		{C7BA50AA-3502-3611-9BE8-84DB55BE1AA6}.RelWithDebInfo|Win32.ActiveCfg = RelWithDebInfo|Win32
		{C7BA50AA-3502-3611-9BE8-84DB55BE1AA6}.RelWithDebInfo|Win32.Build.0 = RelWithDebInfo|Win32
		{3E52B743-2633-336C-A503-BF3DB039DE95}.RelWithDebInfo|Win32.ActiveCfg = RelWithDebInfo|Win32
		{3E52B743-2633-336C-A503-BF3DB039DE95}.RelWithDebInfo|Win32.Build.0 = RelWithDebInfo|Win32
		{935399E9-8E96-35FE-8DC6-0C25C71BF5BF}.RelWithDebInfo|Win32.ActiveCfg = RelWithDebInfo|Win32
		{935399E9-8E96-35FE-8DC6-0C25C71BF5BF}.RelWithDebInfo|Win32.Build.0 = RelWithDebInfo|Win32
		{1F6B5C02-87C2-3A55-A303-287B2F944F71}.RelWithDebInfo|Win32.ActiveCfg = RelWithDebInfo|Win32
		{1F6B5C02-87C2-3A55-A303-287B2F944F71}.RelWithDebInfo|Win32.Build.0 = RelWithDebInfo|Win32
		{7AD17436-EB4C-32DB-A2AA-7D69BD8A31AB}.RelWithDebInfo|Win32.ActiveCfg = RelWithDebInfo|Win32
		{7AD17436-EB4C-32DB-A2AA-7D69BD8A31AB}.RelWithDebInfo|Win32.Build.0 = RelWithDebInfo|Win32
		{1E2463CD-4828-3999-BB5D-A57A6A879CAD}.RelWithDebInfo|Win32.ActiveCfg = RelWithDebInfo|Win32
		{1E2463CD-4828-3999-BB5D-A57A6A879CAD}.RelWithDebInfo|Win32.Build.0 = RelWithDebInfo|Win32
		{4C5A6C66-C968-3FF8-9F75-5B99EA5143DD}.RelWithDebInfo|Win32.ActiveCfg = RelWithDebInfo|Win32
		{4C5A6C66-C968-3FF8-9F75-5B99EA5143DD}.RelWithDebInfo|Win32.Build.0 = RelWithDebInfo|Win32
		{686A8BF1-468D-3403-8F7F-E3A6FB5CB3AF}.RelWithDebInfo|Win32.ActiveCfg = RelWithDebInfo|Win32
		{686A8BF1-468D-3403-8F7F-E3A6FB5CB3AF}.RelWithDebInfo|Win32.Build.0 = RelWithDebInfo|Win32
		{1EC5C317-4866-3C73-8803-F53D9E7A0218}.RelWithDebInfo|Win32.ActiveCfg = RelWithDebInfo|Win32
		{1EC5C317-4866-3C73-8803-F53D9E7A0218}.RelWithDebInfo|Win32.Build.0 = RelWithDebInfo|Win32
		{2F70FDE8-83CB-3D6E-9493-9D70A91A834B}.RelWithDebInfo|Win32.ActiveCfg = RelWithDebInfo|Win32
		{2F70FDE8-83CB-3D6E-9493-9D70A91A834B}.RelWithDebInfo|Win32.Build.0 = RelWithDebInfo|Win32
		{76708C67-6E50-3852-807B-569D6A575AA1}.RelWithDebInfo|Win32.ActiveCfg = RelWithDebInfo|Win32
		{76708C67-6E50-3852-807B-569D6A575AA1}.RelWithDebInfo|Win32.Build.0 = RelWithDebInfo|Win32
		{0F4AAD2B-3661-3B03-A52E-3E8061BAB96B}.RelWithDebInfo|Win32.ActiveCfg = RelWithDebInfo|Win32
		{0F4AAD2B-3661-3B03-A52E-3E8061BAB96B}.RelWithDebInfo|Win32.Build.0 = RelWithDebInfo|Win32
	EndGlobalSection
	GlobalSection(ExtensibilityGlobals) = postSolution
		SolutionGuid = {A0F116CD-E476-3325-A6E9-80699CE17518}
	EndGlobalSection
	GlobalSection(ExtensibilityAddIns) = postSolution
	EndGlobalSection
EndGlobal
