<?xml version="1.0" encoding="utf-8"?>
<Project ToolsVersion="16.0" xmlns="http://schemas.microsoft.com/developer/msbuild/2003">
  <ItemGroup>
    <CustomBuild Include="D:\work\program\dynamorio-cronbuild-9.0.19117\build64\CMakeFiles\9397e28f6fd6955468f713e9774e4d20\INSTALL_force.rule">
      <Filter>CMake Rules</Filter>
    </CustomBuild>
  </ItemGroup>
  <ItemGroup>
    <Filter Include="CMake Rules">
      <UniqueIdentifier>{56D21FFF-8E82-3712-8718-BA652753A321}</UniqueIdentifier>
    </Filter>
  </ItemGroup>
</Project>
